// !$*UTF8*$!
{
	archiveVersion = 1;
	classes = {
	};
	objectVersion = 52;
	objects = {

/* Begin PBXBuildFile section */
		3612E11526475AEC00476696 /* TFYSwiftCategoryUtilTests.swift in Sources */ = {isa = PBXBuildFile; fileRef = 3612E11426475AEC00476696 /* TFYSwiftCategoryUtilTests.swift */; };
		3612E12026475AEC00476696 /* TFYSwiftCategoryUtilUITests.swift in Sources */ = {isa = PBXBuildFile; fileRef = 3612E11F26475AEC00476696 /* TFYSwiftCategoryUtilUITests.swift */; };
		3612E13A26475B6700476696 /* AppDelegate.swift in Sources */ = {isa = PBXBuildFile; fileRef = 3612E12E26475B6700476696 /* AppDelegate.swift */; };
		3612E13B26475B6700476696 /* SceneDelegate.swift in Sources */ = {isa = PBXBuildFile; fileRef = 3612E12F26475B6700476696 /* SceneDelegate.swift */; };
		3612E13D26475B6700476696 /* Assets.xcassets in Resources */ = {isa = PBXBuildFile; fileRef = 3612E13326475B6700476696 /* Assets.xcassets */; };
		3612E13E26475B6700476696 /* LaunchScreen.storyboard in Resources */ = {isa = PBXBuildFile; fileRef = 3612E13426475B6700476696 /* LaunchScreen.storyboard */; };
		3612E13F26475B6700476696 /* Main.storyboard in Resources */ = {isa = PBXBuildFile; fileRef = 3612E13626475B6700476696 /* Main.storyboard */; };
		3612E14226475BA400476696 /* ViewController.swift in Sources */ = {isa = PBXBuildFile; fileRef = 3612E14126475BA400476696 /* ViewController.swift */; };
		3612E16426475C4100476696 /* TFYAsynce.swift in Sources */ = {isa = PBXBuildFile; fileRef = 3612E15326475C4100476696 /* TFYAsynce.swift */; };
		365477B92830771E00E4DE22 /* CALayer+Chain.swift in Sources */ = {isa = PBXBuildFile; fileRef = 365477B82830771E00E4DE22 /* CALayer+Chain.swift */; };
		365477BB2830779500E4DE22 /* Bundle+Chain.swift in Sources */ = {isa = PBXBuildFile; fileRef = 365477BA2830779500E4DE22 /* Bundle+Chain.swift */; };
		365477BD283077B900E4DE22 /* UIWindow+Chain.swift in Sources */ = {isa = PBXBuildFile; fileRef = 365477BC283077B900E4DE22 /* UIWindow+Chain.swift */; };
		365477BF283077FC00E4DE22 /* NSNumber+Chain.swift in Sources */ = {isa = PBXBuildFile; fileRef = 365477BE283077FC00E4DE22 /* NSNumber+Chain.swift */; };
		365477FF2830802200E4DE22 /* UIStoryboard+Chain.swift in Sources */ = {isa = PBXBuildFile; fileRef = 365477FE2830802200E4DE22 /* UIStoryboard+Chain.swift */; };
		3654780F283091B100E4DE22 /* WKEncoderUnkeyedContainer.swift in Sources */ = {isa = PBXBuildFile; fileRef = 36547803283091B000E4DE22 /* WKEncoderUnkeyedContainer.swift */; };
		36547810283091B100E4DE22 /* WKWebManager.swift in Sources */ = {isa = PBXBuildFile; fileRef = 36547804283091B000E4DE22 /* WKWebManager.swift */; };
		36547811283091B100E4DE22 /* WKScriptHandlerParamsDecoder.swift in Sources */ = {isa = PBXBuildFile; fileRef = 36547805283091B000E4DE22 /* WKScriptHandlerParamsDecoder.swift */; };
		36547812283091B100E4DE22 /* WKDelegate.swift in Sources */ = {isa = PBXBuildFile; fileRef = 36547806283091B000E4DE22 /* WKDelegate.swift */; };
		36547813283091B100E4DE22 /* WKEncoderValueContainer.swift in Sources */ = {isa = PBXBuildFile; fileRef = 36547807283091B000E4DE22 /* WKEncoderValueContainer.swift */; };
		36547814283091B100E4DE22 /* WKEncoderKeyedContainer.swift in Sources */ = {isa = PBXBuildFile; fileRef = 36547808283091B000E4DE22 /* WKEncoderKeyedContainer.swift */; };
		36547815283091B100E4DE22 /* WKWebController.swift in Sources */ = {isa = PBXBuildFile; fileRef = 36547809283091B100E4DE22 /* WKWebController.swift */; };
		36547816283091B100E4DE22 /* WKWebHandler.swift in Sources */ = {isa = PBXBuildFile; fileRef = 3654780A283091B100E4DE22 /* WKWebHandler.swift */; };
		36547817283091B100E4DE22 /* WKDecoderUnkeyedContainer.swift in Sources */ = {isa = PBXBuildFile; fileRef = 3654780B283091B100E4DE22 /* WKDecoderUnkeyedContainer.swift */; };
		36547818283091B100E4DE22 /* WKDecoderKeyedContainer.swift in Sources */ = {isa = PBXBuildFile; fileRef = 3654780C283091B100E4DE22 /* WKDecoderKeyedContainer.swift */; };
		36547819283091B100E4DE22 /* WKScriptHandlerParamsEncoder.swift in Sources */ = {isa = PBXBuildFile; fileRef = 3654780D283091B100E4DE22 /* WKScriptHandlerParamsEncoder.swift */; };
		3654781A283091B100E4DE22 /* WKDecoderValueContainer.swift in Sources */ = {isa = PBXBuildFile; fileRef = 3654780E283091B100E4DE22 /* WKDecoderValueContainer.swift */; };
		3654781D283092AE00E4DE22 /* Algorithms in Frameworks */ = {isa = PBXBuildFile; productRef = 3654781C283092AE00E4DE22 /* Algorithms */; };
		3654781F2830937E00E4DE22 /* WKOperatorLayout.swift in Sources */ = {isa = PBXBuildFile; fileRef = 3654781E2830937E00E4DE22 /* WKOperatorLayout.swift */; };
		365478212830A1E700E4DE22 /* UIImage+Chain.swift in Sources */ = {isa = PBXBuildFile; fileRef = 365478202830A1E700E4DE22 /* UIImage+Chain.swift */; };
		365478862830A4D800E4DE22 /* UITableViewCell+Chain.swift in Sources */ = {isa = PBXBuildFile; fileRef = 365478852830A4D800E4DE22 /* UITableViewCell+Chain.swift */; };
		365478882830A51C00E4DE22 /* UIViewController+Chain.swift in Sources */ = {isa = PBXBuildFile; fileRef = 365478872830A51C00E4DE22 /* UIViewController+Chain.swift */; };
		36616C92282E41A400E0E1B1 /* String+Chain.swift in Sources */ = {isa = PBXBuildFile; fileRef = 36616C91282E41A400E0E1B1 /* String+Chain.swift */; };
		367264CF26536E6C00049CEF /* TFYTimer.swift in Sources */ = {isa = PBXBuildFile; fileRef = 367264CE26536E6C00049CEF /* TFYTimer.swift */; };
		368367AE264957DF0024939A /* UILongPressGestureRecognizer+ITools.swift in Sources */ = {isa = PBXBuildFile; fileRef = 368367AD264957DF0024939A /* UILongPressGestureRecognizer+ITools.swift */; };
		368367B026495D170024939A /* UIPanGestureRecognizer+ITools.swift in Sources */ = {isa = PBXBuildFile; fileRef = 368367AF26495D170024939A /* UIPanGestureRecognizer+ITools.swift */; };
		368367B226495E3A0024939A /* UIPinchGestureRecognizer+ITools.swift in Sources */ = {isa = PBXBuildFile; fileRef = 368367B126495E3A0024939A /* UIPinchGestureRecognizer+ITools.swift */; };
		368367B426495EB40024939A /* UIRotationGestureRecognizer+ITools.swift in Sources */ = {isa = PBXBuildFile; fileRef = 368367B326495EB40024939A /* UIRotationGestureRecognizer+ITools.swift */; };
		368367B626495F340024939A /* UISwipeGestureRecognizer+ITools.swift in Sources */ = {isa = PBXBuildFile; fileRef = 368367B526495F340024939A /* UISwipeGestureRecognizer+ITools.swift */; };
		368367B826495FED0024939A /* UITapGestureRecognizer+ITools.swift in Sources */ = {isa = PBXBuildFile; fileRef = 368367B726495FED0024939A /* UITapGestureRecognizer+ITools.swift */; };
		3694B0D72652A1D900296A92 /* TFYRuntime.swift in Sources */ = {isa = PBXBuildFile; fileRef = 3694B0D62652A1D900296A92 /* TFYRuntime.swift */; };
		36DAFEBE2787FEAA00D05EE1 /* NotificationCenter+Chain.swift in Sources */ = {isa = PBXBuildFile; fileRef = 36DAFEB92787FEAA00D05EE1 /* NotificationCenter+Chain.swift */; };
		36DAFEBF2787FEAA00D05EE1 /* DateFormatter+Chain.swift in Sources */ = {isa = PBXBuildFile; fileRef = 36DAFEBA2787FEAA00D05EE1 /* DateFormatter+Chain.swift */; };
		36DAFEC02787FEAA00D05EE1 /* UserDefaults+Chain.swift in Sources */ = {isa = PBXBuildFile; fileRef = 36DAFEBB2787FEAA00D05EE1 /* UserDefaults+Chain.swift */; };
		36DAFEC12787FEAA00D05EE1 /* UIActivityIndicatorView+Chain.swift in Sources */ = {isa = PBXBuildFile; fileRef = 36DAFEBC2787FEAA00D05EE1 /* UIActivityIndicatorView+Chain.swift */; };
		36DAFEC22787FEAA00D05EE1 /* NSMutableAttributedString+Chain.swift in Sources */ = {isa = PBXBuildFile; fileRef = 36DAFEBD2787FEAA00D05EE1 /* NSMutableAttributedString+Chain.swift */; };
		36DAFEDB2787FF9D00D05EE1 /* UINavigationItem+Chain.swift in Sources */ = {isa = PBXBuildFile; fileRef = 36DAFEC32787FF9D00D05EE1 /* UINavigationItem+Chain.swift */; };
		36DAFEDC2787FF9D00D05EE1 /* UIButton+Chain.swift in Sources */ = {isa = PBXBuildFile; fileRef = 36DAFEC42787FF9D00D05EE1 /* UIButton+Chain.swift */; };
		36DAFEDD2787FF9D00D05EE1 /* UINavigationBar+Chain.swift in Sources */ = {isa = PBXBuildFile; fileRef = 36DAFEC52787FF9D00D05EE1 /* UINavigationBar+Chain.swift */; };
		36DAFEDE2787FF9D00D05EE1 /* UIBarButtonItem+Chain.swift in Sources */ = {isa = PBXBuildFile; fileRef = 36DAFEC62787FF9D00D05EE1 /* UIBarButtonItem+Chain.swift */; };
		36DAFEDF2787FF9D00D05EE1 /* UIProgressView+Chain.swift in Sources */ = {isa = PBXBuildFile; fileRef = 36DAFEC72787FF9D00D05EE1 /* UIProgressView+Chain.swift */; };
		36DAFEE02787FF9D00D05EE1 /* UIControl+Chain.swift in Sources */ = {isa = PBXBuildFile; fileRef = 36DAFEC82787FF9D00D05EE1 /* UIControl+Chain.swift */; };
		36DAFEE12787FF9D00D05EE1 /* UITableView+Chain.swift in Sources */ = {isa = PBXBuildFile; fileRef = 36DAFEC92787FF9D00D05EE1 /* UITableView+Chain.swift */; };
		36DAFEE22787FF9D00D05EE1 /* UIStepper+Chain.swift in Sources */ = {isa = PBXBuildFile; fileRef = 36DAFECA2787FF9D00D05EE1 /* UIStepper+Chain.swift */; };
		36DAFEE32787FF9D00D05EE1 /* UICollectionView+Chain.swift in Sources */ = {isa = PBXBuildFile; fileRef = 36DAFECB2787FF9D00D05EE1 /* UICollectionView+Chain.swift */; };
		36DAFEE42787FF9D00D05EE1 /* UISegmentedControl+Chain.swift in Sources */ = {isa = PBXBuildFile; fileRef = 36DAFECC2787FF9D00D05EE1 /* UISegmentedControl+Chain.swift */; };
		36DAFEE52787FF9D00D05EE1 /* UIGestureRecognizer+Chain.swift in Sources */ = {isa = PBXBuildFile; fileRef = 36DAFECD2787FF9D00D05EE1 /* UIGestureRecognizer+Chain.swift */; };
		36DAFEE62787FF9D00D05EE1 /* UIDatePicker+Chain.swift in Sources */ = {isa = PBXBuildFile; fileRef = 36DAFECE2787FF9D00D05EE1 /* UIDatePicker+Chain.swift */; };
		36DAFEE72787FF9D00D05EE1 /* UICollectionViewFlowLayout+Chain.swift in Sources */ = {isa = PBXBuildFile; fileRef = 36DAFECF2787FF9D00D05EE1 /* UICollectionViewFlowLayout+Chain.swift */; };
		36DAFEE82787FF9D00D05EE1 /* UIBarItem+Chain.swift in Sources */ = {isa = PBXBuildFile; fileRef = 36DAFED02787FF9D00D05EE1 /* UIBarItem+Chain.swift */; };
		36DAFEE92787FF9D00D05EE1 /* UIScrollView+Chain.swift in Sources */ = {isa = PBXBuildFile; fileRef = 36DAFED12787FF9D00D05EE1 /* UIScrollView+Chain.swift */; };
		36DAFEEA2787FF9D00D05EE1 /* UIImageView+Chain.swift in Sources */ = {isa = PBXBuildFile; fileRef = 36DAFED22787FF9D00D05EE1 /* UIImageView+Chain.swift */; };
		36DAFEEB2787FF9D00D05EE1 /* UITextField+Chain.swift in Sources */ = {isa = PBXBuildFile; fileRef = 36DAFED32787FF9D00D05EE1 /* UITextField+Chain.swift */; };
		36DAFEEC2787FF9D00D05EE1 /* UISwitch+Chain.swift in Sources */ = {isa = PBXBuildFile; fileRef = 36DAFED42787FF9D00D05EE1 /* UISwitch+Chain.swift */; };
		36DAFEED2787FF9D00D05EE1 /* UIResponder+Chain.swift in Sources */ = {isa = PBXBuildFile; fileRef = 36DAFED52787FF9D00D05EE1 /* UIResponder+Chain.swift */; };
		36DAFEEE2787FF9D00D05EE1 /* UITextView+Chain.swift in Sources */ = {isa = PBXBuildFile; fileRef = 36DAFED62787FF9D00D05EE1 /* UITextView+Chain.swift */; };
		36DAFEEF2787FF9D00D05EE1 /* UIView+Chain.swift in Sources */ = {isa = PBXBuildFile; fileRef = 36DAFED72787FF9D00D05EE1 /* UIView+Chain.swift */; };
		36DAFEF02787FF9D00D05EE1 /* UILabel+Chain.swift in Sources */ = {isa = PBXBuildFile; fileRef = 36DAFED82787FF9D00D05EE1 /* UILabel+Chain.swift */; };
		36DAFEF12787FF9D00D05EE1 /* UIPickerView+Chain.swift in Sources */ = {isa = PBXBuildFile; fileRef = 36DAFED92787FF9D00D05EE1 /* UIPickerView+Chain.swift */; };
		36DAFEF22787FF9D00D05EE1 /* UISlider+Chain.swift in Sources */ = {isa = PBXBuildFile; fileRef = 36DAFEDA2787FF9D00D05EE1 /* UISlider+Chain.swift */; };
		36F1B82C278808360005E8B6 /* HasFont+Chain.swift in Sources */ = {isa = PBXBuildFile; fileRef = 36F1B826278808360005E8B6 /* HasFont+Chain.swift */; };
		36F1B82D278808360005E8B6 /* HasFont.swift in Sources */ = {isa = PBXBuildFile; fileRef = 36F1B827278808360005E8B6 /* HasFont.swift */; };
		36F1B82F278808360005E8B6 /* HasText.swift in Sources */ = {isa = PBXBuildFile; fileRef = 36F1B829278808360005E8B6 /* HasText.swift */; };
		36F1B830278808360005E8B6 /* Chain.swift in Sources */ = {isa = PBXBuildFile; fileRef = 36F1B82A278808360005E8B6 /* Chain.swift */; };
		36F1B831278808360005E8B6 /* HasText+Chain.swift in Sources */ = {isa = PBXBuildFile; fileRef = 36F1B82B278808360005E8B6 /* HasText+Chain.swift */; };
		36F2CDD9282CF7EC003CF2E7 /* TFYUtils.swift in Sources */ = {isa = PBXBuildFile; fileRef = 36F2CDD8282CF7EC003CF2E7 /* TFYUtils.swift */; };
		36F2CDDB282CF85D003CF2E7 /* UIColor+Chain.swift in Sources */ = {isa = PBXBuildFile; fileRef = 36F2CDDA282CF85D003CF2E7 /* UIColor+Chain.swift */; };
/* End PBXBuildFile section */

/* Begin PBXContainerItemProxy section */
		3612E11126475AEC00476696 /* PBXContainerItemProxy */ = {
			isa = PBXContainerItemProxy;
			containerPortal = 3612E0F226475AEB00476696 /* Project object */;
			proxyType = 1;
			remoteGlobalIDString = 3612E0F926475AEB00476696;
			remoteInfo = TFYSwiftCategoryUtil;
		};
		3612E11C26475AEC00476696 /* PBXContainerItemProxy */ = {
			isa = PBXContainerItemProxy;
			containerPortal = 3612E0F226475AEB00476696 /* Project object */;
			proxyType = 1;
			remoteGlobalIDString = 3612E0F926475AEB00476696;
			remoteInfo = TFYSwiftCategoryUtil;
		};
/* End PBXContainerItemProxy section */

/* Begin PBXFileReference section */
		3612E0FA26475AEB00476696 /* TFYSwiftCategoryUtil.app */ = {isa = PBXFileReference; explicitFileType = wrapper.application; includeInIndex = 0; path = TFYSwiftCategoryUtil.app; sourceTree = BUILT_PRODUCTS_DIR; };
		3612E11026475AEC00476696 /* TFYSwiftCategoryUtilTests.xctest */ = {isa = PBXFileReference; explicitFileType = wrapper.cfbundle; includeInIndex = 0; path = TFYSwiftCategoryUtilTests.xctest; sourceTree = BUILT_PRODUCTS_DIR; };
		3612E11426475AEC00476696 /* TFYSwiftCategoryUtilTests.swift */ = {isa = PBXFileReference; lastKnownFileType = sourcecode.swift; path = TFYSwiftCategoryUtilTests.swift; sourceTree = "<group>"; };
		3612E11626475AEC00476696 /* Info.plist */ = {isa = PBXFileReference; lastKnownFileType = text.plist.xml; path = Info.plist; sourceTree = "<group>"; };
		3612E11B26475AEC00476696 /* TFYSwiftCategoryUtilUITests.xctest */ = {isa = PBXFileReference; explicitFileType = wrapper.cfbundle; includeInIndex = 0; path = TFYSwiftCategoryUtilUITests.xctest; sourceTree = BUILT_PRODUCTS_DIR; };
		3612E11F26475AEC00476696 /* TFYSwiftCategoryUtilUITests.swift */ = {isa = PBXFileReference; lastKnownFileType = sourcecode.swift; path = TFYSwiftCategoryUtilUITests.swift; sourceTree = "<group>"; };
		3612E12126475AEC00476696 /* Info.plist */ = {isa = PBXFileReference; lastKnownFileType = text.plist.xml; path = Info.plist; sourceTree = "<group>"; };
		3612E12E26475B6700476696 /* AppDelegate.swift */ = {isa = PBXFileReference; fileEncoding = 4; lastKnownFileType = sourcecode.swift; path = AppDelegate.swift; sourceTree = "<group>"; };
		3612E12F26475B6700476696 /* SceneDelegate.swift */ = {isa = PBXFileReference; fileEncoding = 4; lastKnownFileType = sourcecode.swift; path = SceneDelegate.swift; sourceTree = "<group>"; };
		3612E13326475B6700476696 /* Assets.xcassets */ = {isa = PBXFileReference; lastKnownFileType = folder.assetcatalog; path = Assets.xcassets; sourceTree = "<group>"; };
		3612E13526475B6700476696 /* Base */ = {isa = PBXFileReference; lastKnownFileType = file.storyboard; name = Base; path = Base.lproj/LaunchScreen.storyboard; sourceTree = "<group>"; };
		3612E13726475B6700476696 /* Base */ = {isa = PBXFileReference; lastKnownFileType = file.storyboard; name = Base; path = Base.lproj/Main.storyboard; sourceTree = "<group>"; };
		3612E13826475B6700476696 /* Info.plist */ = {isa = PBXFileReference; fileEncoding = 4; lastKnownFileType = text.plist.xml; path = Info.plist; sourceTree = "<group>"; };
		3612E14126475BA400476696 /* ViewController.swift */ = {isa = PBXFileReference; fileEncoding = 4; lastKnownFileType = sourcecode.swift; path = ViewController.swift; sourceTree = "<group>"; };
		3612E15326475C4100476696 /* TFYAsynce.swift */ = {isa = PBXFileReference; fileEncoding = 4; lastKnownFileType = sourcecode.swift; path = TFYAsynce.swift; sourceTree = "<group>"; };
		3612E16826475CED00476696 /* TFYSwiftCategoryUtil-Bridging-Header.h */ = {isa = PBXFileReference; lastKnownFileType = sourcecode.c.h; path = "TFYSwiftCategoryUtil-Bridging-Header.h"; sourceTree = "<group>"; };
		365477B82830771E00E4DE22 /* CALayer+Chain.swift */ = {isa = PBXFileReference; lastKnownFileType = sourcecode.swift; path = "CALayer+Chain.swift"; sourceTree = "<group>"; };
		365477BA2830779500E4DE22 /* Bundle+Chain.swift */ = {isa = PBXFileReference; lastKnownFileType = sourcecode.swift; path = "Bundle+Chain.swift"; sourceTree = "<group>"; };
		365477BC283077B900E4DE22 /* UIWindow+Chain.swift */ = {isa = PBXFileReference; lastKnownFileType = sourcecode.swift; path = "UIWindow+Chain.swift"; sourceTree = "<group>"; };
		365477BE283077FC00E4DE22 /* NSNumber+Chain.swift */ = {isa = PBXFileReference; lastKnownFileType = sourcecode.swift; path = "NSNumber+Chain.swift"; sourceTree = "<group>"; };
		365477FE2830802200E4DE22 /* UIStoryboard+Chain.swift */ = {isa = PBXFileReference; lastKnownFileType = sourcecode.swift; path = "UIStoryboard+Chain.swift"; sourceTree = "<group>"; };
		36547803283091B000E4DE22 /* WKEncoderUnkeyedContainer.swift */ = {isa = PBXFileReference; fileEncoding = 4; lastKnownFileType = sourcecode.swift; path = WKEncoderUnkeyedContainer.swift; sourceTree = "<group>"; };
		36547804283091B000E4DE22 /* WKWebManager.swift */ = {isa = PBXFileReference; fileEncoding = 4; lastKnownFileType = sourcecode.swift; path = WKWebManager.swift; sourceTree = "<group>"; };
		36547805283091B000E4DE22 /* WKScriptHandlerParamsDecoder.swift */ = {isa = PBXFileReference; fileEncoding = 4; lastKnownFileType = sourcecode.swift; path = WKScriptHandlerParamsDecoder.swift; sourceTree = "<group>"; };
		36547806283091B000E4DE22 /* WKDelegate.swift */ = {isa = PBXFileReference; fileEncoding = 4; lastKnownFileType = sourcecode.swift; path = WKDelegate.swift; sourceTree = "<group>"; };
		36547807283091B000E4DE22 /* WKEncoderValueContainer.swift */ = {isa = PBXFileReference; fileEncoding = 4; lastKnownFileType = sourcecode.swift; path = WKEncoderValueContainer.swift; sourceTree = "<group>"; };
		36547808283091B000E4DE22 /* WKEncoderKeyedContainer.swift */ = {isa = PBXFileReference; fileEncoding = 4; lastKnownFileType = sourcecode.swift; path = WKEncoderKeyedContainer.swift; sourceTree = "<group>"; };
		36547809283091B100E4DE22 /* WKWebController.swift */ = {isa = PBXFileReference; fileEncoding = 4; lastKnownFileType = sourcecode.swift; path = WKWebController.swift; sourceTree = "<group>"; };
		3654780A283091B100E4DE22 /* WKWebHandler.swift */ = {isa = PBXFileReference; fileEncoding = 4; lastKnownFileType = sourcecode.swift; path = WKWebHandler.swift; sourceTree = "<group>"; };
		3654780B283091B100E4DE22 /* WKDecoderUnkeyedContainer.swift */ = {isa = PBXFileReference; fileEncoding = 4; lastKnownFileType = sourcecode.swift; path = WKDecoderUnkeyedContainer.swift; sourceTree = "<group>"; };
		3654780C283091B100E4DE22 /* WKDecoderKeyedContainer.swift */ = {isa = PBXFileReference; fileEncoding = 4; lastKnownFileType = sourcecode.swift; path = WKDecoderKeyedContainer.swift; sourceTree = "<group>"; };
		3654780D283091B100E4DE22 /* WKScriptHandlerParamsEncoder.swift */ = {isa = PBXFileReference; fileEncoding = 4; lastKnownFileType = sourcecode.swift; path = WKScriptHandlerParamsEncoder.swift; sourceTree = "<group>"; };
		3654780E283091B100E4DE22 /* WKDecoderValueContainer.swift */ = {isa = PBXFileReference; fileEncoding = 4; lastKnownFileType = sourcecode.swift; path = WKDecoderValueContainer.swift; sourceTree = "<group>"; };
		3654781E2830937E00E4DE22 /* WKOperatorLayout.swift */ = {isa = PBXFileReference; lastKnownFileType = sourcecode.swift; path = WKOperatorLayout.swift; sourceTree = "<group>"; };
		365478202830A1E700E4DE22 /* UIImage+Chain.swift */ = {isa = PBXFileReference; lastKnownFileType = sourcecode.swift; path = "UIImage+Chain.swift"; sourceTree = "<group>"; };
		365478852830A4D800E4DE22 /* UITableViewCell+Chain.swift */ = {isa = PBXFileReference; lastKnownFileType = sourcecode.swift; path = "UITableViewCell+Chain.swift"; sourceTree = "<group>"; };
		365478872830A51C00E4DE22 /* UIViewController+Chain.swift */ = {isa = PBXFileReference; lastKnownFileType = sourcecode.swift; path = "UIViewController+Chain.swift"; sourceTree = "<group>"; };
		36616C91282E41A400E0E1B1 /* String+Chain.swift */ = {isa = PBXFileReference; lastKnownFileType = sourcecode.swift; path = "String+Chain.swift"; sourceTree = "<group>"; };
		367264CE26536E6C00049CEF /* TFYTimer.swift */ = {isa = PBXFileReference; lastKnownFileType = sourcecode.swift; path = TFYTimer.swift; sourceTree = "<group>"; };
		368367AD264957DF0024939A /* UILongPressGestureRecognizer+ITools.swift */ = {isa = PBXFileReference; lastKnownFileType = sourcecode.swift; path = "UILongPressGestureRecognizer+ITools.swift"; sourceTree = "<group>"; };
		368367AF26495D170024939A /* UIPanGestureRecognizer+ITools.swift */ = {isa = PBXFileReference; lastKnownFileType = sourcecode.swift; path = "UIPanGestureRecognizer+ITools.swift"; sourceTree = "<group>"; };
		368367B126495E3A0024939A /* UIPinchGestureRecognizer+ITools.swift */ = {isa = PBXFileReference; lastKnownFileType = sourcecode.swift; path = "UIPinchGestureRecognizer+ITools.swift"; sourceTree = "<group>"; };
		368367B326495EB40024939A /* UIRotationGestureRecognizer+ITools.swift */ = {isa = PBXFileReference; lastKnownFileType = sourcecode.swift; path = "UIRotationGestureRecognizer+ITools.swift"; sourceTree = "<group>"; };
		368367B526495F340024939A /* UISwipeGestureRecognizer+ITools.swift */ = {isa = PBXFileReference; lastKnownFileType = sourcecode.swift; path = "UISwipeGestureRecognizer+ITools.swift"; sourceTree = "<group>"; };
		368367B726495FED0024939A /* UITapGestureRecognizer+ITools.swift */ = {isa = PBXFileReference; lastKnownFileType = sourcecode.swift; path = "UITapGestureRecognizer+ITools.swift"; sourceTree = "<group>"; };
		3694B0D62652A1D900296A92 /* TFYRuntime.swift */ = {isa = PBXFileReference; lastKnownFileType = sourcecode.swift; path = TFYRuntime.swift; sourceTree = "<group>"; };
		36DAFEB32787FC6000D05EE1 /* HasFont.swift */ = {isa = PBXFileReference; fileEncoding = 4; lastKnownFileType = sourcecode.swift; path = HasFont.swift; sourceTree = "<group>"; };
		36DAFEB92787FEAA00D05EE1 /* NotificationCenter+Chain.swift */ = {isa = PBXFileReference; fileEncoding = 4; lastKnownFileType = sourcecode.swift; path = "NotificationCenter+Chain.swift"; sourceTree = "<group>"; };
		36DAFEBA2787FEAA00D05EE1 /* DateFormatter+Chain.swift */ = {isa = PBXFileReference; fileEncoding = 4; lastKnownFileType = sourcecode.swift; path = "DateFormatter+Chain.swift"; sourceTree = "<group>"; };
		36DAFEBB2787FEAA00D05EE1 /* UserDefaults+Chain.swift */ = {isa = PBXFileReference; fileEncoding = 4; lastKnownFileType = sourcecode.swift; path = "UserDefaults+Chain.swift"; sourceTree = "<group>"; };
		36DAFEBC2787FEAA00D05EE1 /* UIActivityIndicatorView+Chain.swift */ = {isa = PBXFileReference; fileEncoding = 4; lastKnownFileType = sourcecode.swift; path = "UIActivityIndicatorView+Chain.swift"; sourceTree = "<group>"; };
		36DAFEBD2787FEAA00D05EE1 /* NSMutableAttributedString+Chain.swift */ = {isa = PBXFileReference; fileEncoding = 4; lastKnownFileType = sourcecode.swift; path = "NSMutableAttributedString+Chain.swift"; sourceTree = "<group>"; };
		36DAFEC32787FF9D00D05EE1 /* UINavigationItem+Chain.swift */ = {isa = PBXFileReference; fileEncoding = 4; lastKnownFileType = sourcecode.swift; path = "UINavigationItem+Chain.swift"; sourceTree = "<group>"; };
		36DAFEC42787FF9D00D05EE1 /* UIButton+Chain.swift */ = {isa = PBXFileReference; fileEncoding = 4; lastKnownFileType = sourcecode.swift; path = "UIButton+Chain.swift"; sourceTree = "<group>"; };
		36DAFEC52787FF9D00D05EE1 /* UINavigationBar+Chain.swift */ = {isa = PBXFileReference; fileEncoding = 4; lastKnownFileType = sourcecode.swift; path = "UINavigationBar+Chain.swift"; sourceTree = "<group>"; };
		36DAFEC62787FF9D00D05EE1 /* UIBarButtonItem+Chain.swift */ = {isa = PBXFileReference; fileEncoding = 4; lastKnownFileType = sourcecode.swift; path = "UIBarButtonItem+Chain.swift"; sourceTree = "<group>"; };
		36DAFEC72787FF9D00D05EE1 /* UIProgressView+Chain.swift */ = {isa = PBXFileReference; fileEncoding = 4; lastKnownFileType = sourcecode.swift; path = "UIProgressView+Chain.swift"; sourceTree = "<group>"; };
		36DAFEC82787FF9D00D05EE1 /* UIControl+Chain.swift */ = {isa = PBXFileReference; fileEncoding = 4; lastKnownFileType = sourcecode.swift; path = "UIControl+Chain.swift"; sourceTree = "<group>"; };
		36DAFEC92787FF9D00D05EE1 /* UITableView+Chain.swift */ = {isa = PBXFileReference; fileEncoding = 4; lastKnownFileType = sourcecode.swift; path = "UITableView+Chain.swift"; sourceTree = "<group>"; };
		36DAFECA2787FF9D00D05EE1 /* UIStepper+Chain.swift */ = {isa = PBXFileReference; fileEncoding = 4; lastKnownFileType = sourcecode.swift; path = "UIStepper+Chain.swift"; sourceTree = "<group>"; };
		36DAFECB2787FF9D00D05EE1 /* UICollectionView+Chain.swift */ = {isa = PBXFileReference; fileEncoding = 4; lastKnownFileType = sourcecode.swift; path = "UICollectionView+Chain.swift"; sourceTree = "<group>"; };
		36DAFECC2787FF9D00D05EE1 /* UISegmentedControl+Chain.swift */ = {isa = PBXFileReference; fileEncoding = 4; lastKnownFileType = sourcecode.swift; path = "UISegmentedControl+Chain.swift"; sourceTree = "<group>"; };
		36DAFECD2787FF9D00D05EE1 /* UIGestureRecognizer+Chain.swift */ = {isa = PBXFileReference; fileEncoding = 4; lastKnownFileType = sourcecode.swift; path = "UIGestureRecognizer+Chain.swift"; sourceTree = "<group>"; };
		36DAFECE2787FF9D00D05EE1 /* UIDatePicker+Chain.swift */ = {isa = PBXFileReference; fileEncoding = 4; lastKnownFileType = sourcecode.swift; path = "UIDatePicker+Chain.swift"; sourceTree = "<group>"; };
		36DAFECF2787FF9D00D05EE1 /* UICollectionViewFlowLayout+Chain.swift */ = {isa = PBXFileReference; fileEncoding = 4; lastKnownFileType = sourcecode.swift; path = "UICollectionViewFlowLayout+Chain.swift"; sourceTree = "<group>"; };
		36DAFED02787FF9D00D05EE1 /* UIBarItem+Chain.swift */ = {isa = PBXFileReference; fileEncoding = 4; lastKnownFileType = sourcecode.swift; path = "UIBarItem+Chain.swift"; sourceTree = "<group>"; };
		36DAFED12787FF9D00D05EE1 /* UIScrollView+Chain.swift */ = {isa = PBXFileReference; fileEncoding = 4; lastKnownFileType = sourcecode.swift; path = "UIScrollView+Chain.swift"; sourceTree = "<group>"; };
		36DAFED22787FF9D00D05EE1 /* UIImageView+Chain.swift */ = {isa = PBXFileReference; fileEncoding = 4; lastKnownFileType = sourcecode.swift; path = "UIImageView+Chain.swift"; sourceTree = "<group>"; };
		36DAFED32787FF9D00D05EE1 /* UITextField+Chain.swift */ = {isa = PBXFileReference; fileEncoding = 4; lastKnownFileType = sourcecode.swift; path = "UITextField+Chain.swift"; sourceTree = "<group>"; };
		36DAFED42787FF9D00D05EE1 /* UISwitch+Chain.swift */ = {isa = PBXFileReference; fileEncoding = 4; lastKnownFileType = sourcecode.swift; path = "UISwitch+Chain.swift"; sourceTree = "<group>"; };
		36DAFED52787FF9D00D05EE1 /* UIResponder+Chain.swift */ = {isa = PBXFileReference; fileEncoding = 4; lastKnownFileType = sourcecode.swift; path = "UIResponder+Chain.swift"; sourceTree = "<group>"; };
		36DAFED62787FF9D00D05EE1 /* UITextView+Chain.swift */ = {isa = PBXFileReference; fileEncoding = 4; lastKnownFileType = sourcecode.swift; path = "UITextView+Chain.swift"; sourceTree = "<group>"; };
		36DAFED72787FF9D00D05EE1 /* UIView+Chain.swift */ = {isa = PBXFileReference; fileEncoding = 4; lastKnownFileType = sourcecode.swift; path = "UIView+Chain.swift"; sourceTree = "<group>"; };
		36DAFED82787FF9D00D05EE1 /* UILabel+Chain.swift */ = {isa = PBXFileReference; fileEncoding = 4; lastKnownFileType = sourcecode.swift; path = "UILabel+Chain.swift"; sourceTree = "<group>"; };
		36DAFED92787FF9D00D05EE1 /* UIPickerView+Chain.swift */ = {isa = PBXFileReference; fileEncoding = 4; lastKnownFileType = sourcecode.swift; path = "UIPickerView+Chain.swift"; sourceTree = "<group>"; };
		36DAFEDA2787FF9D00D05EE1 /* UISlider+Chain.swift */ = {isa = PBXFileReference; fileEncoding = 4; lastKnownFileType = sourcecode.swift; path = "UISlider+Chain.swift"; sourceTree = "<group>"; };
		36F1B826278808360005E8B6 /* HasFont+Chain.swift */ = {isa = PBXFileReference; fileEncoding = 4; lastKnownFileType = sourcecode.swift; path = "HasFont+Chain.swift"; sourceTree = "<group>"; };
		36F1B827278808360005E8B6 /* HasFont.swift */ = {isa = PBXFileReference; fileEncoding = 4; lastKnownFileType = sourcecode.swift; path = HasFont.swift; sourceTree = "<group>"; };
		36F1B829278808360005E8B6 /* HasText.swift */ = {isa = PBXFileReference; fileEncoding = 4; lastKnownFileType = sourcecode.swift; path = HasText.swift; sourceTree = "<group>"; };
		36F1B82A278808360005E8B6 /* Chain.swift */ = {isa = PBXFileReference; fileEncoding = 4; lastKnownFileType = sourcecode.swift; path = Chain.swift; sourceTree = "<group>"; };
		36F1B82B278808360005E8B6 /* HasText+Chain.swift */ = {isa = PBXFileReference; fileEncoding = 4; lastKnownFileType = sourcecode.swift; path = "HasText+Chain.swift"; sourceTree = "<group>"; };
		36F2CDD8282CF7EC003CF2E7 /* TFYUtils.swift */ = {isa = PBXFileReference; lastKnownFileType = sourcecode.swift; path = TFYUtils.swift; sourceTree = "<group>"; };
		36F2CDDA282CF85D003CF2E7 /* UIColor+Chain.swift */ = {isa = PBXFileReference; lastKnownFileType = sourcecode.swift; path = "UIColor+Chain.swift"; sourceTree = "<group>"; };
/* End PBXFileReference section */

/* Begin PBXFrameworksBuildPhase section */
		3612E0F726475AEB00476696 /* Frameworks */ = {
			isa = PBXFrameworksBuildPhase;
			buildActionMask = 2147483647;
			files = (
				3654781D283092AE00E4DE22 /* Algorithms in Frameworks */,
			);
			runOnlyForDeploymentPostprocessing = 0;
		};
		3612E10D26475AEC00476696 /* Frameworks */ = {
			isa = PBXFrameworksBuildPhase;
			buildActionMask = 2147483647;
			files = (
			);
			runOnlyForDeploymentPostprocessing = 0;
		};
		3612E11826475AEC00476696 /* Frameworks */ = {
			isa = PBXFrameworksBuildPhase;
			buildActionMask = 2147483647;
			files = (
			);
			runOnlyForDeploymentPostprocessing = 0;
		};
/* End PBXFrameworksBuildPhase section */

/* Begin PBXGroup section */
		3612E0F126475AEB00476696 = {
			isa = PBXGroup;
			children = (
				3612E0FC26475AEB00476696 /* TFYSwiftCategoryUtil */,
				3612E11326475AEC00476696 /* TFYSwiftCategoryUtilTests */,
				3612E11E26475AEC00476696 /* TFYSwiftCategoryUtilUITests */,
				3612E0FB26475AEB00476696 /* Products */,
				36F1B825278807B60005E8B6 /* Recovered References */,
			);
			sourceTree = "<group>";
		};
		3612E0FB26475AEB00476696 /* Products */ = {
			isa = PBXGroup;
			children = (
				3612E0FA26475AEB00476696 /* TFYSwiftCategoryUtil.app */,
				3612E11026475AEC00476696 /* TFYSwiftCategoryUtilTests.xctest */,
				3612E11B26475AEC00476696 /* TFYSwiftCategoryUtilUITests.xctest */,
			);
			name = Products;
			sourceTree = "<group>";
		};
		3612E0FC26475AEB00476696 /* TFYSwiftCategoryUtil */ = {
			isa = PBXGroup;
			children = (
				3612E14326475C4100476696 /* TFYSwiftCategoryUtil */,
				3612E13026475B6700476696 /* PCH */,
				3612E12D26475B6700476696 /* TFYAppDelegate */,
				3612E13926475B6700476696 /* TFYClass */,
				3612E13126475B6700476696 /* TFYResources */,
			);
			path = TFYSwiftCategoryUtil;
			sourceTree = "<group>";
		};
		3612E11326475AEC00476696 /* TFYSwiftCategoryUtilTests */ = {
			isa = PBXGroup;
			children = (
				3612E11426475AEC00476696 /* TFYSwiftCategoryUtilTests.swift */,
				3612E11626475AEC00476696 /* Info.plist */,
			);
			path = TFYSwiftCategoryUtilTests;
			sourceTree = "<group>";
		};
		3612E11E26475AEC00476696 /* TFYSwiftCategoryUtilUITests */ = {
			isa = PBXGroup;
			children = (
				3612E11F26475AEC00476696 /* TFYSwiftCategoryUtilUITests.swift */,
				3612E12126475AEC00476696 /* Info.plist */,
			);
			path = TFYSwiftCategoryUtilUITests;
			sourceTree = "<group>";
		};
		3612E12D26475B6700476696 /* TFYAppDelegate */ = {
			isa = PBXGroup;
			children = (
				3612E12E26475B6700476696 /* AppDelegate.swift */,
				3612E12F26475B6700476696 /* SceneDelegate.swift */,
			);
			path = TFYAppDelegate;
			sourceTree = "<group>";
		};
		3612E13026475B6700476696 /* PCH */ = {
			isa = PBXGroup;
			children = (
				3612E16826475CED00476696 /* TFYSwiftCategoryUtil-Bridging-Header.h */,
			);
			path = PCH;
			sourceTree = "<group>";
		};
		3612E13126475B6700476696 /* TFYResources */ = {
			isa = PBXGroup;
			children = (
				3612E13326475B6700476696 /* Assets.xcassets */,
				3612E13426475B6700476696 /* LaunchScreen.storyboard */,
				3612E13626475B6700476696 /* Main.storyboard */,
				3612E13826475B6700476696 /* Info.plist */,
			);
			path = TFYResources;
			sourceTree = "<group>";
		};
		3612E13926475B6700476696 /* TFYClass */ = {
			isa = PBXGroup;
			children = (
				3612E14126475BA400476696 /* ViewController.swift */,
			);
			path = TFYClass;
			sourceTree = "<group>";
		};
		3612E14326475C4100476696 /* TFYSwiftCategoryUtil */ = {
			isa = PBXGroup;
			children = (
				365478022830913800E4DE22 /* WKWeb */,
				368367AC264953E50024939A /* Gesture */,
				3612E14426475C4100476696 /* Category */,
				3612E14B26475C4100476696 /* Foundation */,
				3612E15226475C4100476696 /* Utils */,
				3612E15526475C4100476696 /* Base */,
			);
			path = TFYSwiftCategoryUtil;
			sourceTree = "<group>";
		};
		3612E14426475C4100476696 /* Category */ = {
			isa = PBXGroup;
			children = (
				36DAFEBA2787FEAA00D05EE1 /* DateFormatter+Chain.swift */,
				36DAFEB92787FEAA00D05EE1 /* NotificationCenter+Chain.swift */,
				36DAFEBD2787FEAA00D05EE1 /* NSMutableAttributedString+Chain.swift */,
				36DAFEBC2787FEAA00D05EE1 /* UIActivityIndicatorView+Chain.swift */,
				36DAFEBB2787FEAA00D05EE1 /* UserDefaults+Chain.swift */,
				36F2CDDA282CF85D003CF2E7 /* UIColor+Chain.swift */,
				36616C91282E41A400E0E1B1 /* String+Chain.swift */,
				365477B82830771E00E4DE22 /* CALayer+Chain.swift */,
				365477BA2830779500E4DE22 /* Bundle+Chain.swift */,
				365477BC283077B900E4DE22 /* UIWindow+Chain.swift */,
				365477BE283077FC00E4DE22 /* NSNumber+Chain.swift */,
				365478872830A51C00E4DE22 /* UIViewController+Chain.swift */,
			);
			path = Category;
			sourceTree = "<group>";
		};
		3612E14B26475C4100476696 /* Foundation */ = {
			isa = PBXGroup;
			children = (
				36DAFEC62787FF9D00D05EE1 /* UIBarButtonItem+Chain.swift */,
				36DAFED02787FF9D00D05EE1 /* UIBarItem+Chain.swift */,
				36DAFEC42787FF9D00D05EE1 /* UIButton+Chain.swift */,
				36DAFECB2787FF9D00D05EE1 /* UICollectionView+Chain.swift */,
				36DAFECF2787FF9D00D05EE1 /* UICollectionViewFlowLayout+Chain.swift */,
				36DAFEC82787FF9D00D05EE1 /* UIControl+Chain.swift */,
				36DAFECE2787FF9D00D05EE1 /* UIDatePicker+Chain.swift */,
				36DAFECD2787FF9D00D05EE1 /* UIGestureRecognizer+Chain.swift */,
				36DAFED22787FF9D00D05EE1 /* UIImageView+Chain.swift */,
				36DAFED82787FF9D00D05EE1 /* UILabel+Chain.swift */,
				36DAFEC52787FF9D00D05EE1 /* UINavigationBar+Chain.swift */,
				36DAFEC32787FF9D00D05EE1 /* UINavigationItem+Chain.swift */,
				36DAFED92787FF9D00D05EE1 /* UIPickerView+Chain.swift */,
				36DAFEC72787FF9D00D05EE1 /* UIProgressView+Chain.swift */,
				36DAFED52787FF9D00D05EE1 /* UIResponder+Chain.swift */,
				36DAFED12787FF9D00D05EE1 /* UIScrollView+Chain.swift */,
				36DAFECC2787FF9D00D05EE1 /* UISegmentedControl+Chain.swift */,
				36DAFEDA2787FF9D00D05EE1 /* UISlider+Chain.swift */,
				36DAFECA2787FF9D00D05EE1 /* UIStepper+Chain.swift */,
				36DAFED42787FF9D00D05EE1 /* UISwitch+Chain.swift */,
				36DAFEC92787FF9D00D05EE1 /* UITableView+Chain.swift */,
				36DAFED32787FF9D00D05EE1 /* UITextField+Chain.swift */,
				36DAFED62787FF9D00D05EE1 /* UITextView+Chain.swift */,
				36DAFED72787FF9D00D05EE1 /* UIView+Chain.swift */,
				365477FE2830802200E4DE22 /* UIStoryboard+Chain.swift */,
				365478202830A1E700E4DE22 /* UIImage+Chain.swift */,
				365478852830A4D800E4DE22 /* UITableViewCell+Chain.swift */,
			);
			path = Foundation;
			sourceTree = "<group>";
		};
		3612E15226475C4100476696 /* Utils */ = {
			isa = PBXGroup;
			children = (
				3612E15326475C4100476696 /* TFYAsynce.swift */,
				3694B0D62652A1D900296A92 /* TFYRuntime.swift */,
				367264CE26536E6C00049CEF /* TFYTimer.swift */,
				36F2CDD8282CF7EC003CF2E7 /* TFYUtils.swift */,
			);
			path = Utils;
			sourceTree = "<group>";
		};
		3612E15526475C4100476696 /* Base */ = {
			isa = PBXGroup;
			children = (
				36F1B82A278808360005E8B6 /* Chain.swift */,
				36F1B827278808360005E8B6 /* HasFont.swift */,
				36F1B826278808360005E8B6 /* HasFont+Chain.swift */,
				36F1B829278808360005E8B6 /* HasText.swift */,
				36F1B82B278808360005E8B6 /* HasText+Chain.swift */,
			);
			path = Base;
			sourceTree = "<group>";
		};
		365478022830913800E4DE22 /* WKWeb */ = {
			isa = PBXGroup;
			children = (
				3654780C283091B100E4DE22 /* WKDecoderKeyedContainer.swift */,
				3654780B283091B100E4DE22 /* WKDecoderUnkeyedContainer.swift */,
				3654780E283091B100E4DE22 /* WKDecoderValueContainer.swift */,
				36547806283091B000E4DE22 /* WKDelegate.swift */,
				36547808283091B000E4DE22 /* WKEncoderKeyedContainer.swift */,
				36547803283091B000E4DE22 /* WKEncoderUnkeyedContainer.swift */,
				36547807283091B000E4DE22 /* WKEncoderValueContainer.swift */,
				36547805283091B000E4DE22 /* WKScriptHandlerParamsDecoder.swift */,
				3654780D283091B100E4DE22 /* WKScriptHandlerParamsEncoder.swift */,
				36547809283091B100E4DE22 /* WKWebController.swift */,
				3654780A283091B100E4DE22 /* WKWebHandler.swift */,
				36547804283091B000E4DE22 /* WKWebManager.swift */,
				3654781E2830937E00E4DE22 /* WKOperatorLayout.swift */,
			);
			path = WKWeb;
			sourceTree = "<group>";
		};
		368367AC264953E50024939A /* Gesture */ = {
			isa = PBXGroup;
			children = (
				368367AD264957DF0024939A /* UILongPressGestureRecognizer+ITools.swift */,
				368367AF26495D170024939A /* UIPanGestureRecognizer+ITools.swift */,
				368367B126495E3A0024939A /* UIPinchGestureRecognizer+ITools.swift */,
				368367B326495EB40024939A /* UIRotationGestureRecognizer+ITools.swift */,
				368367B526495F340024939A /* UISwipeGestureRecognizer+ITools.swift */,
				368367B726495FED0024939A /* UITapGestureRecognizer+ITools.swift */,
			);
			path = Gesture;
			sourceTree = "<group>";
		};
		36F1B825278807B60005E8B6 /* Recovered References */ = {
			isa = PBXGroup;
			children = (
				36DAFEB32787FC6000D05EE1 /* HasFont.swift */,
			);
			name = "Recovered References";
			sourceTree = "<group>";
		};
/* End PBXGroup section */

/* Begin PBXNativeTarget section */
		3612E0F926475AEB00476696 /* TFYSwiftCategoryUtil */ = {
			isa = PBXNativeTarget;
			buildConfigurationList = 3612E12426475AEC00476696 /* Build configuration list for PBXNativeTarget "TFYSwiftCategoryUtil" */;
			buildPhases = (
				3612E0F626475AEB00476696 /* Sources */,
				3612E0F726475AEB00476696 /* Frameworks */,
				3612E0F826475AEB00476696 /* Resources */,
			);
			buildRules = (
			);
			dependencies = (
			);
			name = TFYSwiftCategoryUtil;
			packageProductDependencies = (
				3654781C283092AE00E4DE22 /* Algorithms */,
			);
			productName = TFYSwiftCategoryUtil;
			productReference = 3612E0FA26475AEB00476696 /* TFYSwiftCategoryUtil.app */;
			productType = "com.apple.product-type.application";
		};
		3612E10F26475AEC00476696 /* TFYSwiftCategoryUtilTests */ = {
			isa = PBXNativeTarget;
			buildConfigurationList = 3612E12726475AEC00476696 /* Build configuration list for PBXNativeTarget "TFYSwiftCategoryUtilTests" */;
			buildPhases = (
				3612E10C26475AEC00476696 /* Sources */,
				3612E10D26475AEC00476696 /* Frameworks */,
				3612E10E26475AEC00476696 /* Resources */,
			);
			buildRules = (
			);
			dependencies = (
				3612E11226475AEC00476696 /* PBXTargetDependency */,
			);
			name = TFYSwiftCategoryUtilTests;
			productName = TFYSwiftCategoryUtilTests;
			productReference = 3612E11026475AEC00476696 /* TFYSwiftCategoryUtilTests.xctest */;
			productType = "com.apple.product-type.bundle.unit-test";
		};
		3612E11A26475AEC00476696 /* TFYSwiftCategoryUtilUITests */ = {
			isa = PBXNativeTarget;
			buildConfigurationList = 3612E12A26475AEC00476696 /* Build configuration list for PBXNativeTarget "TFYSwiftCategoryUtilUITests" */;
			buildPhases = (
				3612E11726475AEC00476696 /* Sources */,
				3612E11826475AEC00476696 /* Frameworks */,
				3612E11926475AEC00476696 /* Resources */,
			);
			buildRules = (
			);
			dependencies = (
				3612E11D26475AEC00476696 /* PBXTargetDependency */,
			);
			name = TFYSwiftCategoryUtilUITests;
			productName = TFYSwiftCategoryUtilUITests;
			productReference = 3612E11B26475AEC00476696 /* TFYSwiftCategoryUtilUITests.xctest */;
			productType = "com.apple.product-type.bundle.ui-testing";
		};
/* End PBXNativeTarget section */

/* Begin PBXProject section */
		3612E0F226475AEB00476696 /* Project object */ = {
			isa = PBXProject;
			attributes = {
				LastSwiftUpdateCheck = 1250;
				LastUpgradeCheck = 1250;
				TargetAttributes = {
					3612E0F926475AEB00476696 = {
						CreatedOnToolsVersion = 12.5;
						LastSwiftMigration = 1250;
					};
					3612E10F26475AEC00476696 = {
						CreatedOnToolsVersion = 12.5;
						TestTargetID = 3612E0F926475AEB00476696;
					};
					3612E11A26475AEC00476696 = {
						CreatedOnToolsVersion = 12.5;
						TestTargetID = 3612E0F926475AEB00476696;
					};
				};
			};
			buildConfigurationList = 3612E0F526475AEB00476696 /* Build configuration list for PBXProject "TFYSwiftCategoryUtil" */;
			compatibilityVersion = "Xcode 9.3";
			developmentRegion = en;
			hasScannedForEncodings = 0;
			knownRegions = (
				en,
				Base,
			);
			mainGroup = 3612E0F126475AEB00476696;
			packageReferences = (
				3654781B283092AE00E4DE22 /* XCRemoteSwiftPackageReference "swift-algorithms" */,
			);
			productRefGroup = 3612E0FB26475AEB00476696 /* Products */;
			projectDirPath = "";
			projectRoot = "";
			targets = (
				3612E0F926475AEB00476696 /* TFYSwiftCategoryUtil */,
				3612E10F26475AEC00476696 /* TFYSwiftCategoryUtilTests */,
				3612E11A26475AEC00476696 /* TFYSwiftCategoryUtilUITests */,
			);
		};
/* End PBXProject section */

/* Begin PBXResourcesBuildPhase section */
		3612E0F826475AEB00476696 /* Resources */ = {
			isa = PBXResourcesBuildPhase;
			buildActionMask = 2147483647;
			files = (
				3612E13D26475B6700476696 /* Assets.xcassets in Resources */,
				3612E13F26475B6700476696 /* Main.storyboard in Resources */,
				3612E13E26475B6700476696 /* LaunchScreen.storyboard in Resources */,
			);
			runOnlyForDeploymentPostprocessing = 0;
		};
		3612E10E26475AEC00476696 /* Resources */ = {
			isa = PBXResourcesBuildPhase;
			buildActionMask = 2147483647;
			files = (
			);
			runOnlyForDeploymentPostprocessing = 0;
		};
		3612E11926475AEC00476696 /* Resources */ = {
			isa = PBXResourcesBuildPhase;
			buildActionMask = 2147483647;
			files = (
			);
			runOnlyForDeploymentPostprocessing = 0;
		};
/* End PBXResourcesBuildPhase section */

/* Begin PBXSourcesBuildPhase section */
		3612E0F626475AEB00476696 /* Sources */ = {
			isa = PBXSourcesBuildPhase;
			buildActionMask = 2147483647;
			files = (
				36DAFEDE2787FF9D00D05EE1 /* UIBarButtonItem+Chain.swift in Sources */,
				3612E16426475C4100476696 /* TFYAsynce.swift in Sources */,
				36DAFEBF2787FEAA00D05EE1 /* DateFormatter+Chain.swift in Sources */,
				3612E14226475BA400476696 /* ViewController.swift in Sources */,
				3694B0D72652A1D900296A92 /* TFYRuntime.swift in Sources */,
				36F2CDDB282CF85D003CF2E7 /* UIColor+Chain.swift in Sources */,
				36DAFEE42787FF9D00D05EE1 /* UISegmentedControl+Chain.swift in Sources */,
				36DAFEED2787FF9D00D05EE1 /* UIResponder+Chain.swift in Sources */,
				36547810283091B100E4DE22 /* WKWebManager.swift in Sources */,
				36DAFEDF2787FF9D00D05EE1 /* UIProgressView+Chain.swift in Sources */,
				36F1B830278808360005E8B6 /* Chain.swift in Sources */,
				3612E13B26475B6700476696 /* SceneDelegate.swift in Sources */,
				36DAFEF22787FF9D00D05EE1 /* UISlider+Chain.swift in Sources */,
				365478862830A4D800E4DE22 /* UITableViewCell+Chain.swift in Sources */,
				365478882830A51C00E4DE22 /* UIViewController+Chain.swift in Sources */,
				367264CF26536E6C00049CEF /* TFYTimer.swift in Sources */,
				365477BB2830779500E4DE22 /* Bundle+Chain.swift in Sources */,
				36DAFEE72787FF9D00D05EE1 /* UICollectionViewFlowLayout+Chain.swift in Sources */,
				36DAFEE02787FF9D00D05EE1 /* UIControl+Chain.swift in Sources */,
				365477FF2830802200E4DE22 /* UIStoryboard+Chain.swift in Sources */,
				36F1B82F278808360005E8B6 /* HasText.swift in Sources */,
				36DAFEEC2787FF9D00D05EE1 /* UISwitch+Chain.swift in Sources */,
				36DAFEEE2787FF9D00D05EE1 /* UITextView+Chain.swift in Sources */,
				36F1B82D278808360005E8B6 /* HasFont.swift in Sources */,
				36DAFEE32787FF9D00D05EE1 /* UICollectionView+Chain.swift in Sources */,
				36547815283091B100E4DE22 /* WKWebController.swift in Sources */,
				36DAFEEF2787FF9D00D05EE1 /* UIView+Chain.swift in Sources */,
				36547812283091B100E4DE22 /* WKDelegate.swift in Sources */,
				36DAFEDD2787FF9D00D05EE1 /* UINavigationBar+Chain.swift in Sources */,
				368367B626495F340024939A /* UISwipeGestureRecognizer+ITools.swift in Sources */,
				36DAFEC12787FEAA00D05EE1 /* UIActivityIndicatorView+Chain.swift in Sources */,
				365478212830A1E700E4DE22 /* UIImage+Chain.swift in Sources */,
				36DAFEDC2787FF9D00D05EE1 /* UIButton+Chain.swift in Sources */,
				368367AE264957DF0024939A /* UILongPressGestureRecognizer+ITools.swift in Sources */,
				36547819283091B100E4DE22 /* WKScriptHandlerParamsEncoder.swift in Sources */,
				36DAFEDB2787FF9D00D05EE1 /* UINavigationItem+Chain.swift in Sources */,
				36F1B82C278808360005E8B6 /* HasFont+Chain.swift in Sources */,
				3654781F2830937E00E4DE22 /* WKOperatorLayout.swift in Sources */,
				36DAFEE92787FF9D00D05EE1 /* UIScrollView+Chain.swift in Sources */,
				36547813283091B100E4DE22 /* WKEncoderValueContainer.swift in Sources */,
				368367B426495EB40024939A /* UIRotationGestureRecognizer+ITools.swift in Sources */,
				36547811283091B100E4DE22 /* WKScriptHandlerParamsDecoder.swift in Sources */,
				3654781A283091B100E4DE22 /* WKDecoderValueContainer.swift in Sources */,
				36547818283091B100E4DE22 /* WKDecoderKeyedContainer.swift in Sources */,
				36547817283091B100E4DE22 /* WKDecoderUnkeyedContainer.swift in Sources */,
				368367B026495D170024939A /* UIPanGestureRecognizer+ITools.swift in Sources */,
				36DAFEC02787FEAA00D05EE1 /* UserDefaults+Chain.swift in Sources */,
				36547816283091B100E4DE22 /* WKWebHandler.swift in Sources */,
				36DAFEE22787FF9D00D05EE1 /* UIStepper+Chain.swift in Sources */,
				36DAFEEA2787FF9D00D05EE1 /* UIImageView+Chain.swift in Sources */,
				3612E13A26475B6700476696 /* AppDelegate.swift in Sources */,
				365477BF283077FC00E4DE22 /* NSNumber+Chain.swift in Sources */,
				36616C92282E41A400E0E1B1 /* String+Chain.swift in Sources */,
				36DAFEE62787FF9D00D05EE1 /* UIDatePicker+Chain.swift in Sources */,
				368367B826495FED0024939A /* UITapGestureRecognizer+ITools.swift in Sources */,
				36DAFEEB2787FF9D00D05EE1 /* UITextField+Chain.swift in Sources */,
				368367B226495E3A0024939A /* UIPinchGestureRecognizer+ITools.swift in Sources */,
				36DAFEBE2787FEAA00D05EE1 /* NotificationCenter+Chain.swift in Sources */,
				365477BD283077B900E4DE22 /* UIWindow+Chain.swift in Sources */,
				36DAFEE52787FF9D00D05EE1 /* UIGestureRecognizer+Chain.swift in Sources */,
				36DAFEC22787FEAA00D05EE1 /* NSMutableAttributedString+Chain.swift in Sources */,
				36F1B831278808360005E8B6 /* HasText+Chain.swift in Sources */,
				3654780F283091B100E4DE22 /* WKEncoderUnkeyedContainer.swift in Sources */,
				36DAFEF02787FF9D00D05EE1 /* UILabel+Chain.swift in Sources */,
				36DAFEF12787FF9D00D05EE1 /* UIPickerView+Chain.swift in Sources */,
				36F2CDD9282CF7EC003CF2E7 /* TFYUtils.swift in Sources */,
				36DAFEE82787FF9D00D05EE1 /* UIBarItem+Chain.swift in Sources */,
				36DAFEE12787FF9D00D05EE1 /* UITableView+Chain.swift in Sources */,
				365477B92830771E00E4DE22 /* CALayer+Chain.swift in Sources */,
				36547814283091B100E4DE22 /* WKEncoderKeyedContainer.swift in Sources */,
			);
			runOnlyForDeploymentPostprocessing = 0;
		};
		3612E10C26475AEC00476696 /* Sources */ = {
			isa = PBXSourcesBuildPhase;
			buildActionMask = 2147483647;
			files = (
				3612E11526475AEC00476696 /* TFYSwiftCategoryUtilTests.swift in Sources */,
			);
			runOnlyForDeploymentPostprocessing = 0;
		};
		3612E11726475AEC00476696 /* Sources */ = {
			isa = PBXSourcesBuildPhase;
			buildActionMask = 2147483647;
			files = (
				3612E12026475AEC00476696 /* TFYSwiftCategoryUtilUITests.swift in Sources */,
			);
			runOnlyForDeploymentPostprocessing = 0;
		};
/* End PBXSourcesBuildPhase section */

/* Begin PBXTargetDependency section */
		3612E11226475AEC00476696 /* PBXTargetDependency */ = {
			isa = PBXTargetDependency;
			target = 3612E0F926475AEB00476696 /* TFYSwiftCategoryUtil */;
			targetProxy = 3612E11126475AEC00476696 /* PBXContainerItemProxy */;
		};
		3612E11D26475AEC00476696 /* PBXTargetDependency */ = {
			isa = PBXTargetDependency;
			target = 3612E0F926475AEB00476696 /* TFYSwiftCategoryUtil */;
			targetProxy = 3612E11C26475AEC00476696 /* PBXContainerItemProxy */;
		};
/* End PBXTargetDependency section */

/* Begin PBXVariantGroup section */
		3612E13426475B6700476696 /* LaunchScreen.storyboard */ = {
			isa = PBXVariantGroup;
			children = (
				3612E13526475B6700476696 /* Base */,
			);
			name = LaunchScreen.storyboard;
			sourceTree = "<group>";
		};
		3612E13626475B6700476696 /* Main.storyboard */ = {
			isa = PBXVariantGroup;
			children = (
				3612E13726475B6700476696 /* Base */,
			);
			name = Main.storyboard;
			sourceTree = "<group>";
		};
/* End PBXVariantGroup section */

/* Begin XCBuildConfiguration section */
		3612E12226475AEC00476696 /* Debug */ = {
			isa = XCBuildConfiguration;
			buildSettings = {
				ALWAYS_SEARCH_USER_PATHS = NO;
				CLANG_ANALYZER_NONNULL = YES;
				CLANG_ANALYZER_NUMBER_OBJECT_CONVERSION = YES_AGGRESSIVE;
				CLANG_CXX_LANGUAGE_STANDARD = "gnu++14";
				CLANG_CXX_LIBRARY = "libc++";
				CLANG_ENABLE_MODULES = YES;
				CLANG_ENABLE_OBJC_ARC = YES;
				CLANG_ENABLE_OBJC_WEAK = YES;
				CLANG_WARN_BLOCK_CAPTURE_AUTORELEASING = YES;
				CLANG_WARN_BOOL_CONVERSION = YES;
				CLANG_WARN_COMMA = YES;
				CLANG_WARN_CONSTANT_CONVERSION = YES;
				CLANG_WARN_DEPRECATED_OBJC_IMPLEMENTATIONS = YES;
				CLANG_WARN_DIRECT_OBJC_ISA_USAGE = YES_ERROR;
				CLANG_WARN_DOCUMENTATION_COMMENTS = YES;
				CLANG_WARN_EMPTY_BODY = YES;
				CLANG_WARN_ENUM_CONVERSION = YES;
				CLANG_WARN_INFINITE_RECURSION = YES;
				CLANG_WARN_INT_CONVERSION = YES;
				CLANG_WARN_NON_LITERAL_NULL_CONVERSION = YES;
				CLANG_WARN_OBJC_IMPLICIT_RETAIN_SELF = YES;
				CLANG_WARN_OBJC_LITERAL_CONVERSION = YES;
				CLANG_WARN_OBJC_ROOT_CLASS = YES_ERROR;
				CLANG_WARN_QUOTED_INCLUDE_IN_FRAMEWORK_HEADER = YES;
				CLANG_WARN_RANGE_LOOP_ANALYSIS = YES;
				CLANG_WARN_STRICT_PROTOTYPES = YES;
				CLANG_WARN_SUSPICIOUS_MOVE = YES;
				CLANG_WARN_UNGUARDED_AVAILABILITY = YES_AGGRESSIVE;
				CLANG_WARN_UNREACHABLE_CODE = YES;
				CLANG_WARN__DUPLICATE_METHOD_MATCH = YES;
				COPY_PHASE_STRIP = NO;
				DEBUG_INFORMATION_FORMAT = dwarf;
				ENABLE_STRICT_OBJC_MSGSEND = YES;
				ENABLE_TESTABILITY = YES;
				GCC_C_LANGUAGE_STANDARD = gnu11;
				GCC_DYNAMIC_NO_PIC = NO;
				GCC_NO_COMMON_BLOCKS = YES;
				GCC_OPTIMIZATION_LEVEL = 0;
				GCC_PREPROCESSOR_DEFINITIONS = (
					"DEBUG=1",
					"$(inherited)",
				);
				GCC_WARN_64_TO_32_BIT_CONVERSION = YES;
				GCC_WARN_ABOUT_RETURN_TYPE = YES_ERROR;
				GCC_WARN_UNDECLARED_SELECTOR = YES;
				GCC_WARN_UNINITIALIZED_AUTOS = YES_AGGRESSIVE;
				GCC_WARN_UNUSED_FUNCTION = YES;
				GCC_WARN_UNUSED_VARIABLE = YES;
				IPHONEOS_DEPLOYMENT_TARGET = 14.5;
				MTL_ENABLE_DEBUG_INFO = INCLUDE_SOURCE;
				MTL_FAST_MATH = YES;
				ONLY_ACTIVE_ARCH = YES;
				SDKROOT = iphoneos;
				SWIFT_ACTIVE_COMPILATION_CONDITIONS = DEBUG;
				SWIFT_OPTIMIZATION_LEVEL = "-Onone";
			};
			name = Debug;
		};
		3612E12326475AEC00476696 /* Release */ = {
			isa = XCBuildConfiguration;
			buildSettings = {
				ALWAYS_SEARCH_USER_PATHS = NO;
				CLANG_ANALYZER_NONNULL = YES;
				CLANG_ANALYZER_NUMBER_OBJECT_CONVERSION = YES_AGGRESSIVE;
				CLANG_CXX_LANGUAGE_STANDARD = "gnu++14";
				CLANG_CXX_LIBRARY = "libc++";
				CLANG_ENABLE_MODULES = YES;
				CLANG_ENABLE_OBJC_ARC = YES;
				CLANG_ENABLE_OBJC_WEAK = YES;
				CLANG_WARN_BLOCK_CAPTURE_AUTORELEASING = YES;
				CLANG_WARN_BOOL_CONVERSION = YES;
				CLANG_WARN_COMMA = YES;
				CLANG_WARN_CONSTANT_CONVERSION = YES;
				CLANG_WARN_DEPRECATED_OBJC_IMPLEMENTATIONS = YES;
				CLANG_WARN_DIRECT_OBJC_ISA_USAGE = YES_ERROR;
				CLANG_WARN_DOCUMENTATION_COMMENTS = YES;
				CLANG_WARN_EMPTY_BODY = YES;
				CLANG_WARN_ENUM_CONVERSION = YES;
				CLANG_WARN_INFINITE_RECURSION = YES;
				CLANG_WARN_INT_CONVERSION = YES;
				CLANG_WARN_NON_LITERAL_NULL_CONVERSION = YES;
				CLANG_WARN_OBJC_IMPLICIT_RETAIN_SELF = YES;
				CLANG_WARN_OBJC_LITERAL_CONVERSION = YES;
				CLANG_WARN_OBJC_ROOT_CLASS = YES_ERROR;
				CLANG_WARN_QUOTED_INCLUDE_IN_FRAMEWORK_HEADER = YES;
				CLANG_WARN_RANGE_LOOP_ANALYSIS = YES;
				CLANG_WARN_STRICT_PROTOTYPES = YES;
				CLANG_WARN_SUSPICIOUS_MOVE = YES;
				CLANG_WARN_UNGUARDED_AVAILABILITY = YES_AGGRESSIVE;
				CLANG_WARN_UNREACHABLE_CODE = YES;
				CLANG_WARN__DUPLICATE_METHOD_MATCH = YES;
				COPY_PHASE_STRIP = NO;
				DEBUG_INFORMATION_FORMAT = "dwarf-with-dsym";
				ENABLE_NS_ASSERTIONS = NO;
				ENABLE_STRICT_OBJC_MSGSEND = YES;
				GCC_C_LANGUAGE_STANDARD = gnu11;
				GCC_NO_COMMON_BLOCKS = YES;
				GCC_WARN_64_TO_32_BIT_CONVERSION = YES;
				GCC_WARN_ABOUT_RETURN_TYPE = YES_ERROR;
				GCC_WARN_UNDECLARED_SELECTOR = YES;
				GCC_WARN_UNINITIALIZED_AUTOS = YES_AGGRESSIVE;
				GCC_WARN_UNUSED_FUNCTION = YES;
				GCC_WARN_UNUSED_VARIABLE = YES;
				IPHONEOS_DEPLOYMENT_TARGET = 14.5;
				MTL_ENABLE_DEBUG_INFO = NO;
				MTL_FAST_MATH = YES;
				SDKROOT = iphoneos;
				SWIFT_COMPILATION_MODE = wholemodule;
				SWIFT_OPTIMIZATION_LEVEL = "-O";
				VALIDATE_PRODUCT = YES;
			};
			name = Release;
		};
		3612E12526475AEC00476696 /* Debug */ = {
			isa = XCBuildConfiguration;
			buildSettings = {
				ASSETCATALOG_COMPILER_APPICON_NAME = AppIcon;
				ASSETCATALOG_COMPILER_GLOBAL_ACCENT_COLOR_NAME = AccentColor;
				CLANG_ENABLE_MODULES = YES;
				CODE_SIGN_STYLE = Automatic;
				DEVELOPMENT_TEAM = W27SB687KJ;
				INFOPLIST_FILE = TFYSwiftCategoryUtil/TFYResources/Info.plist;
				IPHONEOS_DEPLOYMENT_TARGET = 13.0;
				LD_RUNPATH_SEARCH_PATHS = (
					"$(inherited)",
					"@executable_path/Frameworks",
				);
				PRODUCT_BUNDLE_IDENTIFIER = com.tfy.TFYSwiftCategoryUtil;
				PRODUCT_NAME = "$(TARGET_NAME)";
				SWIFT_OBJC_BRIDGING_HEADER = "TFYSwiftCategoryUtil/PCH/TFYSwiftCategoryUtil-Bridging-Header.h";
				SWIFT_OPTIMIZATION_LEVEL = "-Onone";
				SWIFT_VERSION = 5.0;
				TARGETED_DEVICE_FAMILY = "1,2";
			};
			name = Debug;
		};
		3612E12626475AEC00476696 /* Release */ = {
			isa = XCBuildConfiguration;
			buildSettings = {
				ASSETCATALOG_COMPILER_APPICON_NAME = AppIcon;
				ASSETCATALOG_COMPILER_GLOBAL_ACCENT_COLOR_NAME = AccentColor;
				CLANG_ENABLE_MODULES = YES;
				CODE_SIGN_STYLE = Automatic;
				DEVELOPMENT_TEAM = W27SB687KJ;
				INFOPLIST_FILE = TFYSwiftCategoryUtil/TFYResources/Info.plist;
				IPHONEOS_DEPLOYMENT_TARGET = 13.0;
				LD_RUNPATH_SEARCH_PATHS = (
					"$(inherited)",
					"@executable_path/Frameworks",
				);
				PRODUCT_BUNDLE_IDENTIFIER = com.tfy.TFYSwiftCategoryUtil;
				PRODUCT_NAME = "$(TARGET_NAME)";
				SWIFT_OBJC_BRIDGING_HEADER = "TFYSwiftCategoryUtil/PCH/TFYSwiftCategoryUtil-Bridging-Header.h";
				SWIFT_VERSION = 5.0;
				TARGETED_DEVICE_FAMILY = "1,2";
			};
			name = Release;
		};
		3612E12826475AEC00476696 /* Debug */ = {
			isa = XCBuildConfiguration;
			buildSettings = {
				ALWAYS_EMBED_SWIFT_STANDARD_LIBRARIES = YES;
				BUNDLE_LOADER = "$(TEST_HOST)";
				CODE_SIGN_STYLE = Automatic;
				DEVELOPMENT_TEAM = W27SB687KJ;
				INFOPLIST_FILE = TFYSwiftCategoryUtilTests/Info.plist;
				IPHONEOS_DEPLOYMENT_TARGET = 14.5;
				LD_RUNPATH_SEARCH_PATHS = (
					"$(inherited)",
					"@executable_path/Frameworks",
					"@loader_path/Frameworks",
				);
				PRODUCT_BUNDLE_IDENTIFIER = com.tfy.TFYSwiftCategoryUtilTests;
				PRODUCT_NAME = "$(TARGET_NAME)";
				SWIFT_VERSION = 5.0;
				TARGETED_DEVICE_FAMILY = "1,2";
				TEST_HOST = "$(BUILT_PRODUCTS_DIR)/TFYSwiftCategoryUtil.app/TFYSwiftCategoryUtil";
			};
			name = Debug;
		};
		3612E12926475AEC00476696 /* Release */ = {
			isa = XCBuildConfiguration;
			buildSettings = {
				ALWAYS_EMBED_SWIFT_STANDARD_LIBRARIES = YES;
				BUNDLE_LOADER = "$(TEST_HOST)";
				CODE_SIGN_STYLE = Automatic;
				DEVELOPMENT_TEAM = W27SB687KJ;
				INFOPLIST_FILE = TFYSwiftCategoryUtilTests/Info.plist;
				IPHONEOS_DEPLOYMENT_TARGET = 14.5;
				LD_RUNPATH_SEARCH_PATHS = (
					"$(inherited)",
					"@executable_path/Frameworks",
					"@loader_path/Frameworks",
				);
				PRODUCT_BUNDLE_IDENTIFIER = com.tfy.TFYSwiftCategoryUtilTests;
				PRODUCT_NAME = "$(TARGET_NAME)";
				SWIFT_VERSION = 5.0;
				TARGETED_DEVICE_FAMILY = "1,2";
				TEST_HOST = "$(BUILT_PRODUCTS_DIR)/TFYSwiftCategoryUtil.app/TFYSwiftCategoryUtil";
			};
			name = Release;
		};
		3612E12B26475AEC00476696 /* Debug */ = {
			isa = XCBuildConfiguration;
			buildSettings = {
				ALWAYS_EMBED_SWIFT_STANDARD_LIBRARIES = YES;
				CODE_SIGN_STYLE = Automatic;
				DEVELOPMENT_TEAM = W27SB687KJ;
				INFOPLIST_FILE = TFYSwiftCategoryUtilUITests/Info.plist;
				LD_RUNPATH_SEARCH_PATHS = (
					"$(inherited)",
					"@executable_path/Frameworks",
					"@loader_path/Frameworks",
				);
				PRODUCT_BUNDLE_IDENTIFIER = com.tfy.TFYSwiftCategoryUtilUITests;
				PRODUCT_NAME = "$(TARGET_NAME)";
				SWIFT_VERSION = 5.0;
				TARGETED_DEVICE_FAMILY = "1,2";
				TEST_TARGET_NAME = TFYSwiftCategoryUtil;
			};
			name = Debug;
		};
		3612E12C26475AEC00476696 /* Release */ = {
			isa = XCBuildConfiguration;
			buildSettings = {
				ALWAYS_EMBED_SWIFT_STANDARD_LIBRARIES = YES;
				CODE_SIGN_STYLE = Automatic;
				DEVELOPMENT_TEAM = W27SB687KJ;
				INFOPLIST_FILE = TFYSwiftCategoryUtilUITests/Info.plist;
				LD_RUNPATH_SEARCH_PATHS = (
					"$(inherited)",
					"@executable_path/Frameworks",
					"@loader_path/Frameworks",
				);
				PRODUCT_BUNDLE_IDENTIFIER = com.tfy.TFYSwiftCategoryUtilUITests;
				PRODUCT_NAME = "$(TARGET_NAME)";
				SWIFT_VERSION = 5.0;
				TARGETED_DEVICE_FAMILY = "1,2";
				TEST_TARGET_NAME = TFYSwiftCategoryUtil;
			};
			name = Release;
		};
/* End XCBuildConfiguration section */

/* Begin XCConfigurationList section */
		3612E0F526475AEB00476696 /* Build configuration list for PBXProject "TFYSwiftCategoryUtil" */ = {
			isa = XCConfigurationList;
			buildConfigurations = (
				3612E12226475AEC00476696 /* Debug */,
				3612E12326475AEC00476696 /* Release */,
			);
			defaultConfigurationIsVisible = 0;
			defaultConfigurationName = Release;
		};
		3612E12426475AEC00476696 /* Build configuration list for PBXNativeTarget "TFYSwiftCategoryUtil" */ = {
			isa = XCConfigurationList;
			buildConfigurations = (
				3612E12526475AEC00476696 /* Debug */,
				3612E12626475AEC00476696 /* Release */,
			);
			defaultConfigurationIsVisible = 0;
			defaultConfigurationName = Release;
		};
		3612E12726475AEC00476696 /* Build configuration list for PBXNativeTarget "TFYSwiftCategoryUtilTests" */ = {
			isa = XCConfigurationList;
			buildConfigurations = (
				3612E12826475AEC00476696 /* Debug */,
				3612E12926475AEC00476696 /* Release */,
			);
			defaultConfigurationIsVisible = 0;
			defaultConfigurationName = Release;
		};
		3612E12A26475AEC00476696 /* Build configuration list for PBXNativeTarget "TFYSwiftCategoryUtilUITests" */ = {
			isa = XCConfigurationList;
			buildConfigurations = (
				3612E12B26475AEC00476696 /* Debug */,
				3612E12C26475AEC00476696 /* Release */,
			);
			defaultConfigurationIsVisible = 0;
			defaultConfigurationName = Release;
		};
/* End XCConfigurationList section */

/* Begin XCRemoteSwiftPackageReference section */
		3654781B283092AE00E4DE22 /* XCRemoteSwiftPackageReference "swift-algorithms" */ = {
			isa = XCRemoteSwiftPackageReference;
			repositoryURL = "https://github.com/apple/swift-algorithms.git";
			requirement = {
				kind = upToNextMajorVersion;
				minimumVersion = 1.0.0;
			};
		};
/* End XCRemoteSwiftPackageReference section */

/* Begin XCSwiftPackageProductDependency section */
		3654781C283092AE00E4DE22 /* Algorithms */ = {
			isa = XCSwiftPackageProductDependency;
			package = 3654781B283092AE00E4DE22 /* XCRemoteSwiftPackageReference "swift-algorithms" */;
			productName = Algorithms;
		};
/* End XCSwiftPackageProductDependency section */
	};
	rootObject = 3612E0F226475AEB00476696 /* Project object */;
}
